
Microsoft Visual Studio Solution File, Format Version 11.00
# Visual Studio 2010
Project("{FAE04EC0-301F-11D3-BF4B-00C04F79EFBC}") = "Ticketing", "Ticketing\Ticketing.csproj", "{7EA18598-CAB2-48D7-AEFE-1B25B3376F48}"
EndProject
Global
	GlobalSection(SolutionConfigurationPlatforms) = preSolution
		Debug|Any CPU = Debug|Any CPU
		Release|Any CPU = Release|Any CPU
	EndGlobalSection
	GlobalSection(ProjectConfigurationPlatforms) = postSolution
		{7EA18598-CAB2-48D7-AEFE-1B25B3376F48}.Debug|Any CPU.ActiveCfg = Debug|Any CPU
		{7EA18598-CAB2-48D7-AEFE-1B25B3376F48}.Debug|Any CPU.Build.0 = Debug|Any CPU
		{7EA18598-CAB2-48D7-AEFE-1B25B3376F48}.Release|Any CPU.ActiveCfg = Release|Any CPU
		{7EA18598-CAB2-48D7-AEFE-1B25B3376F48}.Release|Any CPU.Build.0 = Release|Any CPU
	EndGlobalSection
	GlobalSection(SolutionProperties) = preSolution
		HideSolutionNode = FALSE
	EndGlobalSection
EndGlobal
